
Microsoft Visual Studio Solution File, Format Version 12.00
# Visual Studio Version 16
VisualStudioVersion = 16.0.30406.217
MinimumVisualStudioVersion = 10.0.40219.1
Project("{FAE04EC0-301F-11D3-BF4B-00C04F79EFBC}") = "Vaida_Sabina_Lab2", "Vaida_Sabina_Lab2.csproj", "{F05EC076-EB94-4F40-A6DE-E307869FCEDC}"
EndProject
Global
	GlobalSection(SolutionConfigurationPlatforms) = preSolution
		Debug|Any CPU = Debug|Any CPU
		Release|Any CPU = Release|Any CPU
	EndGlobalSection
	GlobalSection(ProjectConfigurationPlatforms) = postSolution
		{F05EC076-EB94-4F40-A6DE-E307869FCEDC}.Debug|Any CPU.ActiveCfg = Debug|Any CPU
		{F05EC076-EB94-4F40-A6DE-E307869FCEDC}.Debug|Any CPU.Build.0 = Debug|Any CPU
		{F05EC076-EB94-4F40-A6DE-E307869FCEDC}.Release|Any CPU.ActiveCfg = Release|Any CPU
		{F05EC076-EB94-4F40-A6DE-E307869FCEDC}.Release|Any CPU.Build.0 = Release|Any CPU
	EndGlobalSection
	GlobalSection(SolutionProperties) = preSolution
		HideSolutionNode = FALSE
	EndGlobalSection
	GlobalSection(ExtensibilityGlobals) = postSolution
		SolutionGuid = {E1C8AA6D-24B8-43F5-BC4A-0C5DBEDE39D9}
	EndGlobalSection
EndGlobal
